
Microsoft Visual Studio Solution File, Format Version 12.00
# Visual Studio Version 17
VisualStudioVersion = 17.9.34607.119
MinimumVisualStudioVersion = 10.0.40219.1
Project("{8BC9CEB8-8B4A-11D0-8D11-00A0C91BC942}") = "exponentiation", "exponentiation\exponentiation.vcxproj", "{46551C90-3AE9-4ED1-9BA9-83056731FFD1}"
EndProject
Global
	GlobalSection(SolutionConfigurationPlatforms) = preSolution
		Debug|x64 = Debug|x64
		Debug|x86 = Debug|x86
		Release|x64 = Release|x64
		Release|x86 = Release|x86
	EndGlobalSection
	GlobalSection(ProjectConfigurationPlatforms) = postSolution
		{46551C90-3AE9-4ED1-9BA9-83056731FFD1}.Debug|x64.ActiveCfg = Debug|x64
		{46551C90-3AE9-4ED1-9BA9-83056731FFD1}.Debug|x64.Build.0 = Debug|x64
		{46551C90-3AE9-4ED1-9BA9-83056731FFD1}.Debug|x86.ActiveCfg = Debug|Win32
		{46551C90-3AE9-4ED1-9BA9-83056731FFD1}.Debug|x86.Build.0 = Debug|Win32
		{46551C90-3AE9-4ED1-9BA9-83056731FFD1}.Release|x64.ActiveCfg = Release|x64
		{46551C90-3AE9-4ED1-9BA9-83056731FFD1}.Release|x64.Build.0 = Release|x64
		{46551C90-3AE9-4ED1-9BA9-83056731FFD1}.Release|x86.ActiveCfg = Release|Win32
		{46551C90-3AE9-4ED1-9BA9-83056731FFD1}.Release|x86.Build.0 = Release|Win32
	EndGlobalSection
	GlobalSection(SolutionProperties) = preSolution
		HideSolutionNode = FALSE
	EndGlobalSection
	GlobalSection(ExtensibilityGlobals) = postSolution
		SolutionGuid = {589DEB57-6E07-40E6-9A60-966AC3699BF9}
	EndGlobalSection
EndGlobal
